
Microsoft Visual Studio Solution File, Format Version 12.00
# Visual Studio 15
VisualStudioVersion = 15.0.28307.271
MinimumVisualStudioVersion = 10.0.40219.1
Project("{FAE04EC0-301F-11D3-BF4B-00C04F79EFBC}") = "Restaurant", "Restaurant\Restaurant.csproj", "{76CB3461-70CF-4A16-B38F-0720E3E20324}"
EndProject
Global
	GlobalSection(SolutionConfigurationPlatforms) = preSolution
		Debug|Any CPU = Debug|Any CPU
		Release|Any CPU = Release|Any CPU
	EndGlobalSection
	GlobalSection(ProjectConfigurationPlatforms) = postSolution
		{76CB3461-70CF-4A16-B38F-0720E3E20324}.Debug|Any CPU.ActiveCfg = Debug|Any CPU
		{76CB3461-70CF-4A16-B38F-0720E3E20324}.Debug|Any CPU.Build.0 = Debug|Any CPU
		{76CB3461-70CF-4A16-B38F-0720E3E20324}.Release|Any CPU.ActiveCfg = Release|Any CPU
		{76CB3461-70CF-4A16-B38F-0720E3E20324}.Release|Any CPU.Build.0 = Release|Any CPU
	EndGlobalSection
	GlobalSection(SolutionProperties) = preSolution
		HideSolutionNode = FALSE
	EndGlobalSection
	GlobalSection(ExtensibilityGlobals) = postSolution
		SolutionGuid = {785A5CC0-D7E4-4B0E-B1EC-5FB4E5E464D6}
	EndGlobalSection
EndGlobal
